// !$*UTF8*$!
{
	archiveVersion = 1;
	classes = {
	};
	objectVersion = 56;
	objects = {

/* Begin PBXBuildFile section */
		49DF49E52C1D948600E07670 /* AvatarDemoApp.swift in Sources */ = {isa = PBXBuildFile; fileRef = 49DF49E42C1D948600E07670 /* AvatarDemoApp.swift */; };
		49DF49E72C1D948600E07670 /* ContentView.swift in Sources */ = {isa = PBXBuildFile; fileRef = 49DF49E62C1D948600E07670 /* ContentView.swift */; };
		49DF49E92C1D948700E07670 /* Assets.xcassets in Resources */ = {isa = PBXBuildFile; fileRef = 49DF49E82C1D948700E07670 /* Assets.xcassets */; };
		49DF49EC2C1D948700E07670 /* Preview Assets.xcassets in Resources */ = {isa = PBXBuildFile; fileRef = 49DF49EB2C1D948700E07670 /* Preview Assets.xcassets */; };
		49DF49F32C1D949E00E07670 /* ShapeKeyAnimator.swift in Sources */ = {isa = PBXBuildFile; fileRef = 49DF49F22C1D949E00E07670 /* ShapeKeyAnimator.swift */; };
		49DF49F72C1D94B800E07670 /* robot.usdc in Resources */ = {isa = PBXBuildFile; fileRef = 49DF49F52C1D94B800E07670 /* robot.usdc */; };
		49DF49F82C1D94B800E07670 /* robot.scn in Resources */ = {isa = PBXBuildFile; fileRef = 49DF49F62C1D94B800E07670 /* robot.scn */; };
		49DF49FC2C1D982D00E07670 /* SyllableProcessor.swift in Sources */ = {isa = PBXBuildFile; fileRef = 49DF49FB2C1D982D00E07670 /* SyllableProcessor.swift */; };
		49DF49FE2C1D984000E07670 /* SceneViewContainer.swift in Sources */ = {isa = PBXBuildFile; fileRef = 49DF49FD2C1D984000E07670 /* SceneViewContainer.swift */; };
		49DF4A002C1D9EA700E07670 /* SyllableMapper.swift in Sources */ = {isa = PBXBuildFile; fileRef = 49DF49FF2C1D9EA700E07670 /* SyllableMapper.swift */; };
/* End PBXBuildFile section */

/* Begin PBXFileReference section */
		49DF49E12C1D948600E07670 /* AvatarDemo.app */ = {isa = PBXFileReference; explicitFileType = wrapper.application; includeInIndex = 0; path = AvatarDemo.app; sourceTree = BUILT_PRODUCTS_DIR; };
		49DF49E42C1D948600E07670 /* AvatarDemoApp.swift */ = {isa = PBXFileReference; lastKnownFileType = sourcecode.swift; path = AvatarDemoApp.swift; sourceTree = "<group>"; };
		49DF49E62C1D948600E07670 /* ContentView.swift */ = {isa = PBXFileReference; lastKnownFileType = sourcecode.swift; path = ContentView.swift; sourceTree = "<group>"; };
		49DF49E82C1D948700E07670 /* Assets.xcassets */ = {isa = PBXFileReference; lastKnownFileType = folder.assetcatalog; path = Assets.xcassets; sourceTree = "<group>"; };
		49DF49EB2C1D948700E07670 /* Preview Assets.xcassets */ = {isa = PBXFileReference; lastKnownFileType = folder.assetcatalog; path = "Preview Assets.xcassets"; sourceTree = "<group>"; };
		49DF49F22C1D949E00E07670 /* ShapeKeyAnimator.swift */ = {isa = PBXFileReference; fileEncoding = 4; lastKnownFileType = sourcecode.swift; path = ShapeKeyAnimator.swift; sourceTree = "<group>"; };
		49DF49F52C1D94B800E07670 /* robot.usdc */ = {isa = PBXFileReference; lastKnownFileType = file; path = robot.usdc; sourceTree = "<group>"; };
		49DF49F62C1D94B800E07670 /* robot.scn */ = {isa = PBXFileReference; lastKnownFileType = file.bplist; path = robot.scn; sourceTree = "<group>"; };
		49DF49FB2C1D982D00E07670 /* SyllableProcessor.swift */ = {isa = PBXFileReference; lastKnownFileType = sourcecode.swift; path = SyllableProcessor.swift; sourceTree = "<group>"; };
		49DF49FD2C1D984000E07670 /* SceneViewContainer.swift */ = {isa = PBXFileReference; lastKnownFileType = sourcecode.swift; path = SceneViewContainer.swift; sourceTree = "<group>"; };
		49DF49FF2C1D9EA700E07670 /* SyllableMapper.swift */ = {isa = PBXFileReference; lastKnownFileType = sourcecode.swift; path = SyllableMapper.swift; sourceTree = "<group>"; };
/* End PBXFileReference section */

/* Begin PBXFrameworksBuildPhase section */
		49DF49DE2C1D948600E07670 /* Frameworks */ = {
			isa = PBXFrameworksBuildPhase;
			buildActionMask = 2147483647;
			files = (
			);
			runOnlyForDeploymentPostprocessing = 0;
		};
/* End PBXFrameworksBuildPhase section */

/* Begin PBXGroup section */
		49DF49D82C1D948600E07670 = {
			isa = PBXGroup;
			children = (
				49DF49E32C1D948600E07670 /* AvatarDemo */,
				49DF49E22C1D948600E07670 /* Products */,
			);
			sourceTree = "<group>";
		};
		49DF49E22C1D948600E07670 /* Products */ = {
			isa = PBXGroup;
			children = (
				49DF49E12C1D948600E07670 /* AvatarDemo.app */,
			);
			name = Products;
			sourceTree = "<group>";
		};
		49DF49E32C1D948600E07670 /* AvatarDemo */ = {
			isa = PBXGroup;
			children = (
				49DF49E42C1D948600E07670 /* AvatarDemoApp.swift */,
				49DF49E62C1D948600E07670 /* ContentView.swift */,
				49DF49FD2C1D984000E07670 /* SceneViewContainer.swift */,
				49DF49FB2C1D982D00E07670 /* SyllableProcessor.swift */,
				49DF49FF2C1D9EA700E07670 /* SyllableMapper.swift */,
				49DF49F22C1D949E00E07670 /* ShapeKeyAnimator.swift */,
				49DF49F42C1D94A600E07670 /* Assets */,
				49DF49E82C1D948700E07670 /* Assets.xcassets */,
				49DF49EA2C1D948700E07670 /* Preview Content */,
			);
			path = AvatarDemo;
			sourceTree = "<group>";
		};
		49DF49EA2C1D948700E07670 /* Preview Content */ = {
			isa = PBXGroup;
			children = (
				49DF49EB2C1D948700E07670 /* Preview Assets.xcassets */,
			);
			path = "Preview Content";
			sourceTree = "<group>";
		};
		49DF49F42C1D94A600E07670 /* Assets */ = {
			isa = PBXGroup;
			children = (
				49DF49F62C1D94B800E07670 /* robot.scn */,
				49DF49F52C1D94B800E07670 /* robot.usdc */,
			);
			path = Assets;
			sourceTree = "<group>";
		};
/* End PBXGroup section */

/* Begin PBXNativeTarget section */
		49DF49E02C1D948600E07670 /* AvatarDemo */ = {
			isa = PBXNativeTarget;
			buildConfigurationList = 49DF49EF2C1D948700E07670 /* Build configuration list for PBXNativeTarget "AvatarDemo" */;
			buildPhases = (
				49DF49DD2C1D948600E07670 /* Sources */,
				49DF49DE2C1D948600E07670 /* Frameworks */,
				49DF49DF2C1D948600E07670 /* Resources */,
			);
			buildRules = (
			);
			dependencies = (
			);
			name = AvatarDemo;
			productName = AvatarDemo;
			productReference = 49DF49E12C1D948600E07670 /* AvatarDemo.app */;
			productType = "com.apple.product-type.application";
		};
/* End PBXNativeTarget section */

/* Begin PBXProject section */
		49DF49D92C1D948600E07670 /* Project object */ = {
			isa = PBXProject;
			attributes = {
				BuildIndependentTargetsInParallel = 1;
				LastSwiftUpdateCheck = 1530;
				LastUpgradeCheck = 1530;
				TargetAttributes = {
					49DF49E02C1D948600E07670 = {
						CreatedOnToolsVersion = 15.3;
					};
				};
			};
			buildConfigurationList = 49DF49DC2C1D948600E07670 /* Build configuration list for PBXProject "AvatarDemo" */;
			compatibilityVersion = "Xcode 14.0";
			developmentRegion = en;
			hasScannedForEncodings = 0;
			knownRegions = (
				en,
				Base,
			);
			mainGroup = 49DF49D82C1D948600E07670;
			productRefGroup = 49DF49E22C1D948600E07670 /* Products */;
			projectDirPath = "";
			projectRoot = "";
			targets = (
				49DF49E02C1D948600E07670 /* AvatarDemo */,
			);
		};
/* End PBXProject section */

/* Begin PBXResourcesBuildPhase section */
		49DF49DF2C1D948600E07670 /* Resources */ = {
			isa = PBXResourcesBuildPhase;
			buildActionMask = 2147483647;
			files = (
				49DF49F72C1D94B800E07670 /* robot.usdc in Resources */,
				49DF49F82C1D94B800E07670 /* robot.scn in Resources */,
				49DF49EC2C1D948700E07670 /* Preview Assets.xcassets in Resources */,
				49DF49E92C1D948700E07670 /* Assets.xcassets in Resources */,
			);
			runOnlyForDeploymentPostprocessing = 0;
		};
/* End PBXResourcesBuildPhase section */

/* Begin PBXSourcesBuildPhase section */
		49DF49DD2C1D948600E07670 /* Sources */ = {
			isa = PBXSourcesBuildPhase;
			buildActionMask = 2147483647;
			files = (
				49DF4A002C1D9EA700E07670 /* SyllableMapper.swift in Sources */,
				49DF49FE2C1D984000E07670 /* SceneViewContainer.swift in Sources */,
				49DF49E72C1D948600E07670 /* ContentView.swift in Sources */,
				49DF49E52C1D948600E07670 /* AvatarDemoApp.swift in Sources */,
				49DF49FC2C1D982D00E07670 /* SyllableProcessor.swift in Sources */,
				49DF49F32C1D949E00E07670 /* ShapeKeyAnimator.swift in Sources */,
			);
			runOnlyForDeploymentPostprocessing = 0;
		};
/* End PBXSourcesBuildPhase section */

/* Begin XCBuildConfiguration section */
		49DF49ED2C1D948700E07670 /* Debug */ = {
			isa = XCBuildConfiguration;
			buildSettings = {
				ALWAYS_SEARCH_USER_PATHS = NO;
				ASSETCATALOG_COMPILER_GENERATE_SWIFT_ASSET_SYMBOL_EXTENSIONS = YES;
				CLANG_ANALYZER_NONNULL = YES;
				CLANG_ANALYZER_NUMBER_OBJECT_CONVERSION = YES_AGGRESSIVE;
				CLANG_CXX_LANGUAGE_STANDARD = "gnu++20";
				CLANG_ENABLE_MODULES = YES;
				CLANG_ENABLE_OBJC_ARC = YES;
				CLANG_ENABLE_OBJC_WEAK = YES;
				CLANG_WARN_BLOCK_CAPTURE_AUTORELEASING = YES;
				CLANG_WARN_BOOL_CONVERSION = YES;
				CLANG_WARN_COMMA = YES;
				CLANG_WARN_CONSTANT_CONVERSION = YES;
				CLANG_WARN_DEPRECATED_OBJC_IMPLEMENTATIONS = YES;
				CLANG_WARN_DIRECT_OBJC_ISA_USAGE = YES_ERROR;
				CLANG_WARN_DOCUMENTATION_COMMENTS = YES;
				CLANG_WARN_EMPTY_BODY = YES;
				CLANG_WARN_ENUM_CONVERSION = YES;
				CLANG_WARN_INFINITE_RECURSION = YES;
				CLANG_WARN_INT_CONVERSION = YES;
				CLANG_WARN_NON_LITERAL_NULL_CONVERSION = YES;
				CLANG_WARN_OBJC_IMPLICIT_RETAIN_SELF = YES;
				CLANG_WARN_OBJC_LITERAL_CONVERSION = YES;
				CLANG_WARN_OBJC_ROOT_CLASS = YES_ERROR;
				CLANG_WARN_QUOTED_INCLUDE_IN_FRAMEWORK_HEADER = YES;
				CLANG_WARN_RANGE_LOOP_ANALYSIS = YES;
				CLANG_WARN_STRICT_PROTOTYPES = YES;
				CLANG_WARN_SUSPICIOUS_MOVE = YES;
				CLANG_WARN_UNGUARDED_AVAILABILITY = YES_AGGRESSIVE;
				CLANG_WARN_UNREACHABLE_CODE = YES;
				CLANG_WARN__DUPLICATE_METHOD_MATCH = YES;
				COPY_PHASE_STRIP = NO;
				DEBUG_INFORMATION_FORMAT = dwarf;
				ENABLE_STRICT_OBJC_MSGSEND = YES;
				ENABLE_TESTABILITY = YES;
				ENABLE_USER_SCRIPT_SANDBOXING = YES;
				GCC_C_LANGUAGE_STANDARD = gnu17;
				GCC_DYNAMIC_NO_PIC = NO;
				GCC_NO_COMMON_BLOCKS = YES;
				GCC_OPTIMIZATION_LEVEL = 0;
				GCC_PREPROCESSOR_DEFINITIONS = (
					"DEBUG=1",
					"$(inherited)",
				);
				GCC_WARN_64_TO_32_BIT_CONVERSION = YES;
				GCC_WARN_ABOUT_RETURN_TYPE = YES_ERROR;
				GCC_WARN_UNDECLARED_SELECTOR = YES;
				GCC_WARN_UNINITIALIZED_AUTOS = YES_AGGRESSIVE;
				GCC_WARN_UNUSED_FUNCTION = YES;
				GCC_WARN_UNUSED_VARIABLE = YES;
				IPHONEOS_DEPLOYMENT_TARGET = 17.4;
				LOCALIZATION_PREFERS_STRING_CATALOGS = YES;
				MTL_ENABLE_DEBUG_INFO = INCLUDE_SOURCE;
				MTL_FAST_MATH = YES;
				ONLY_ACTIVE_ARCH = YES;
				SDKROOT = iphoneos;
				SWIFT_ACTIVE_COMPILATION_CONDITIONS = "DEBUG $(inherited)";
				SWIFT_OPTIMIZATION_LEVEL = "-Onone";
			};
			name = Debug;
		};
		49DF49EE2C1D948700E07670 /* Release */ = {
			isa = XCBuildConfiguration;
			buildSettings = {
				ALWAYS_SEARCH_USER_PATHS = NO;
				ASSETCATALOG_COMPILER_GENERATE_SWIFT_ASSET_SYMBOL_EXTENSIONS = YES;
				CLANG_ANALYZER_NONNULL = YES;
				CLANG_ANALYZER_NUMBER_OBJECT_CONVERSION = YES_AGGRESSIVE;
				CLANG_CXX_LANGUAGE_STANDARD = "gnu++20";
				CLANG_ENABLE_MODULES = YES;
				CLANG_ENABLE_OBJC_ARC = YES;
				CLANG_ENABLE_OBJC_WEAK = YES;
				CLANG_WARN_BLOCK_CAPTURE_AUTORELEASING = YES;
				CLANG_WARN_BOOL_CONVERSION = YES;
				CLANG_WARN_COMMA = YES;
				CLANG_WARN_CONSTANT_CONVERSION = YES;
				CLANG_WARN_DEPRECATED_OBJC_IMPLEMENTATIONS = YES;
				CLANG_WARN_DIRECT_OBJC_ISA_USAGE = YES_ERROR;
				CLANG_WARN_DOCUMENTATION_COMMENTS = YES;
				CLANG_WARN_EMPTY_BODY = YES;
				CLANG_WARN_ENUM_CONVERSION = YES;
				CLANG_WARN_INFINITE_RECURSION = YES;
				CLANG_WARN_INT_CONVERSION = YES;
				CLANG_WARN_NON_LITERAL_NULL_CONVERSION = YES;
				CLANG_WARN_OBJC_IMPLICIT_RETAIN_SELF = YES;
				CLANG_WARN_OBJC_LITERAL_CONVERSION = YES;
				CLANG_WARN_OBJC_ROOT_CLASS = YES_ERROR;
				CLANG_WARN_QUOTED_INCLUDE_IN_FRAMEWORK_HEADER = YES;
				CLANG_WARN_RANGE_LOOP_ANALYSIS = YES;
				CLANG_WARN_STRICT_PROTOTYPES = YES;
				CLANG_WARN_SUSPICIOUS_MOVE = YES;
				CLANG_WARN_UNGUARDED_AVAILABILITY = YES_AGGRESSIVE;
				CLANG_WARN_UNREACHABLE_CODE = YES;
				CLANG_WARN__DUPLICATE_METHOD_MATCH = YES;
				COPY_PHASE_STRIP = NO;
				DEBUG_INFORMATION_FORMAT = "dwarf-with-dsym";
				ENABLE_NS_ASSERTIONS = NO;
				ENABLE_STRICT_OBJC_MSGSEND = YES;
				ENABLE_USER_SCRIPT_SANDBOXING = YES;
				GCC_C_LANGUAGE_STANDARD = gnu17;
				GCC_NO_COMMON_BLOCKS = YES;
				GCC_WARN_64_TO_32_BIT_CONVERSION = YES;
				GCC_WARN_ABOUT_RETURN_TYPE = YES_ERROR;
				GCC_WARN_UNDECLARED_SELECTOR = YES;
				GCC_WARN_UNINITIALIZED_AUTOS = YES_AGGRESSIVE;
				GCC_WARN_UNUSED_FUNCTION = YES;
				GCC_WARN_UNUSED_VARIABLE = YES;
				IPHONEOS_DEPLOYMENT_TARGET = 17.4;
				LOCALIZATION_PREFERS_STRING_CATALOGS = YES;
				MTL_ENABLE_DEBUG_INFO = NO;
				MTL_FAST_MATH = YES;
				SDKROOT = iphoneos;
				SWIFT_COMPILATION_MODE = wholemodule;
				VALIDATE_PRODUCT = YES;
			};
			name = Release;
		};
		49DF49F02C1D948700E07670 /* Debug */ = {
			isa = XCBuildConfiguration;
			buildSettings = {
				ASSETCATALOG_COMPILER_APPICON_NAME = AppIcon;
				ASSETCATALOG_COMPILER_GLOBAL_ACCENT_COLOR_NAME = AccentColor;
				CODE_SIGN_STYLE = Automatic;
				CURRENT_PROJECT_VERSION = 1;
				DEVELOPMENT_ASSET_PATHS = "\"AvatarDemo/Preview Content\"";
				DEVELOPMENT_TEAM = 9EDK35GEKC;
				ENABLE_PREVIEWS = YES;
				GENERATE_INFOPLIST_FILE = YES;
				INFOPLIST_KEY_UIApplicationSceneManifest_Generation = YES;
				INFOPLIST_KEY_UIApplicationSupportsIndirectInputEvents = YES;
				INFOPLIST_KEY_UILaunchScreen_Generation = YES;
				INFOPLIST_KEY_UISupportedInterfaceOrientations_iPad = "UIInterfaceOrientationPortrait UIInterfaceOrientationPortraitUpsideDown UIInterfaceOrientationLandscapeLeft UIInterfaceOrientationLandscapeRight";
				INFOPLIST_KEY_UISupportedInterfaceOrientations_iPhone = "UIInterfaceOrientationPortrait UIInterfaceOrientationLandscapeLeft UIInterfaceOrientationLandscapeRight";
				LD_RUNPATH_SEARCH_PATHS = (
					"$(inherited)",
					"@executable_path/Frameworks",
				);
				MARKETING_VERSION = 1.0;
				PRODUCT_BUNDLE_IDENTIFIER = com.sergio.AvatarDemo;
				PRODUCT_NAME = "$(TARGET_NAME)";
				SWIFT_EMIT_LOC_STRINGS = YES;
				SWIFT_VERSION = 5.0;
				TARGETED_DEVICE_FAMILY = "1,2";
			};
			name = Debug;
		};
		49DF49F12C1D948700E07670 /* Release */ = {
			isa = XCBuildConfiguration;
			buildSettings = {
				ASSETCATALOG_COMPILER_APPICON_NAME = AppIcon;
				ASSETCATALOG_COMPILER_GLOBAL_ACCENT_COLOR_NAME = AccentColor;
				CODE_SIGN_STYLE = Automatic;
				CURRENT_PROJECT_VERSION = 1;
				DEVELOPMENT_ASSET_PATHS = "\"AvatarDemo/Preview Content\"";
				DEVELOPMENT_TEAM = 9EDK35GEKC;
				ENABLE_PREVIEWS = YES;
				GENERATE_INFOPLIST_FILE = YES;
				INFOPLIST_KEY_UIApplicationSceneManifest_Generation = YES;
				INFOPLIST_KEY_UIApplicationSupportsIndirectInputEvents = YES;
				INFOPLIST_KEY_UILaunchScreen_Generation = YES;
				INFOPLIST_KEY_UISupportedInterfaceOrientations_iPad = "UIInterfaceOrientationPortrait UIInterfaceOrientationPortraitUpsideDown UIInterfaceOrientationLandscapeLeft UIInterfaceOrientationLandscapeRight";
				INFOPLIST_KEY_UISupportedInterfaceOrientations_iPhone = "UIInterfaceOrientationPortrait UIInterfaceOrientationLandscapeLeft UIInterfaceOrientationLandscapeRight";
				LD_RUNPATH_SEARCH_PATHS = (
					"$(inherited)",
					"@executable_path/Frameworks",
				);
				MARKETING_VERSION = 1.0;
				PRODUCT_BUNDLE_IDENTIFIER = com.sergio.AvatarDemo;
				PRODUCT_NAME = "$(TARGET_NAME)";
				SWIFT_EMIT_LOC_STRINGS = YES;
				SWIFT_VERSION = 5.0;
				TARGETED_DEVICE_FAMILY = "1,2";
			};
			name = Release;
		};
/* End XCBuildConfiguration section */

/* Begin XCConfigurationList section */
		49DF49DC2C1D948600E07670 /* Build configuration list for PBXProject "AvatarDemo" */ = {
			isa = XCConfigurationList;
			buildConfigurations = (
				49DF49ED2C1D948700E07670 /* Debug */,
				49DF49EE2C1D948700E07670 /* Release */,
			);
			defaultConfigurationIsVisible = 0;
			defaultConfigurationName = Release;
		};
		49DF49EF2C1D948700E07670 /* Build configuration list for PBXNativeTarget "AvatarDemo" */ = {
			isa = XCConfigurationList;
			buildConfigurations = (
				49DF49F02C1D948700E07670 /* Debug */,
				49DF49F12C1D948700E07670 /* Release */,
			);
			defaultConfigurationIsVisible = 0;
			defaultConfigurationName = Release;
		};
/* End XCConfigurationList section */
	};
	rootObject = 49DF49D92C1D948600E07670 /* Project object */;
}
